
Microsoft Visual Studio Solution File, Format Version 12.00
# Visual Studio 15
VisualStudioVersion = 15.0.28010.2041
MinimumVisualStudioVersion = 10.0.40219.1
Project("{9A19103F-16F7-4668-BE54-9A1E7A4F7556}") = "WordReferenceBot.Api", "WordReferenceBot\WordReferenceBot.Api.csproj", "{AE0F8430-EE41-4A5B-8A06-08A395211B63}"
EndProject
Project("{9A19103F-16F7-4668-BE54-9A1E7A4F7556}") = "WordreferenceBot.Core", "WordreferenceBot.Scraper\WordreferenceBot.Core.csproj", "{8762080B-E3E4-4AFA-BF49-47767A7A205C}"
EndProject
Project("{9A19103F-16F7-4668-BE54-9A1E7A4F7556}") = "WordReferenceBot.Domain", "WordReferenceBot.Domain\WordReferenceBot.Domain.csproj", "{98D155AA-1DFC-425C-BBF2-C8136450BF46}"
EndProject
Project("{9A19103F-16F7-4668-BE54-9A1E7A4F7556}") = "WordReferenceBot.Bot", "WordReferenceBot.Bot\WordReferenceBot.Bot.csproj", "{9EF04AD7-399F-40DC-8CBD-0BE2CBC8CA39}"
EndProject
Project("{9A19103F-16F7-4668-BE54-9A1E7A4F7556}") = "WordReferenceBot.Core.Test", "WordReferenceBot.Core.Test\WordReferenceBot.Core.Test.csproj", "{58324407-9B45-4F91-90C3-17B0F4332AA0}"
EndProject
Project("{9A19103F-16F7-4668-BE54-9A1E7A4F7556}") = "WordReferenceBot.Bot.Test", "WordReferenceBot.Bot.Test\WordReferenceBot.Bot.Test.csproj", "{D379AD17-6296-4278-804A-89F668D9D337}"
EndProject
Project("{FAE04EC0-301F-11D3-BF4B-00C04F79EFBC}") = "WordreferenceBot.Migrations", "WordreferenceBot.Migrations\WordreferenceBot.Migrations.csproj", "{40614E09-C93F-4D9E-A652-48DF8F5A47E3}"
EndProject
Global
	GlobalSection(SolutionConfigurationPlatforms) = preSolution
		Debug|Any CPU = Debug|Any CPU
		Release|Any CPU = Release|Any CPU
	EndGlobalSection
	GlobalSection(ProjectConfigurationPlatforms) = postSolution
		{AE0F8430-EE41-4A5B-8A06-08A395211B63}.Debug|Any CPU.ActiveCfg = Debug|Any CPU
		{AE0F8430-EE41-4A5B-8A06-08A395211B63}.Debug|Any CPU.Build.0 = Debug|Any CPU
		{AE0F8430-EE41-4A5B-8A06-08A395211B63}.Release|Any CPU.ActiveCfg = Release|Any CPU
		{AE0F8430-EE41-4A5B-8A06-08A395211B63}.Release|Any CPU.Build.0 = Release|Any CPU
		{8762080B-E3E4-4AFA-BF49-47767A7A205C}.Debug|Any CPU.ActiveCfg = Debug|Any CPU
		{8762080B-E3E4-4AFA-BF49-47767A7A205C}.Debug|Any CPU.Build.0 = Debug|Any CPU
		{8762080B-E3E4-4AFA-BF49-47767A7A205C}.Release|Any CPU.ActiveCfg = Release|Any CPU
		{8762080B-E3E4-4AFA-BF49-47767A7A205C}.Release|Any CPU.Build.0 = Release|Any CPU
		{98D155AA-1DFC-425C-BBF2-C8136450BF46}.Debug|Any CPU.ActiveCfg = Debug|Any CPU
		{98D155AA-1DFC-425C-BBF2-C8136450BF46}.Debug|Any CPU.Build.0 = Debug|Any CPU
		{98D155AA-1DFC-425C-BBF2-C8136450BF46}.Release|Any CPU.ActiveCfg = Release|Any CPU
		{98D155AA-1DFC-425C-BBF2-C8136450BF46}.Release|Any CPU.Build.0 = Release|Any CPU
		{9EF04AD7-399F-40DC-8CBD-0BE2CBC8CA39}.Debug|Any CPU.ActiveCfg = Debug|Any CPU
		{9EF04AD7-399F-40DC-8CBD-0BE2CBC8CA39}.Debug|Any CPU.Build.0 = Debug|Any CPU
		{9EF04AD7-399F-40DC-8CBD-0BE2CBC8CA39}.Release|Any CPU.ActiveCfg = Release|Any CPU
		{9EF04AD7-399F-40DC-8CBD-0BE2CBC8CA39}.Release|Any CPU.Build.0 = Release|Any CPU
		{58324407-9B45-4F91-90C3-17B0F4332AA0}.Debug|Any CPU.ActiveCfg = Debug|Any CPU
		{58324407-9B45-4F91-90C3-17B0F4332AA0}.Debug|Any CPU.Build.0 = Debug|Any CPU
		{58324407-9B45-4F91-90C3-17B0F4332AA0}.Release|Any CPU.ActiveCfg = Release|Any CPU
		{58324407-9B45-4F91-90C3-17B0F4332AA0}.Release|Any CPU.Build.0 = Release|Any CPU
		{D379AD17-6296-4278-804A-89F668D9D337}.Debug|Any CPU.ActiveCfg = Debug|Any CPU
		{D379AD17-6296-4278-804A-89F668D9D337}.Debug|Any CPU.Build.0 = Debug|Any CPU
		{D379AD17-6296-4278-804A-89F668D9D337}.Release|Any CPU.ActiveCfg = Release|Any CPU
		{D379AD17-6296-4278-804A-89F668D9D337}.Release|Any CPU.Build.0 = Release|Any CPU
		{40614E09-C93F-4D9E-A652-48DF8F5A47E3}.Debug|Any CPU.ActiveCfg = Debug|Any CPU
		{40614E09-C93F-4D9E-A652-48DF8F5A47E3}.Debug|Any CPU.Build.0 = Debug|Any CPU
		{40614E09-C93F-4D9E-A652-48DF8F5A47E3}.Release|Any CPU.ActiveCfg = Release|Any CPU
		{40614E09-C93F-4D9E-A652-48DF8F5A47E3}.Release|Any CPU.Build.0 = Release|Any CPU
	EndGlobalSection
	GlobalSection(SolutionProperties) = preSolution
		HideSolutionNode = FALSE
	EndGlobalSection
	GlobalSection(ExtensibilityGlobals) = postSolution
		SolutionGuid = {574896A8-569D-4200-8621-1559077D5581}
	EndGlobalSection
EndGlobal
